<?xml version="1.0" encoding="UTF-8" standalone="yes" ?>
<CodeBlocks_project_file>
	<FileVersion major="1" minor="6" />
	<Project>
		<Option title="Sistema de Hospedagem" />
		<Option pch_mode="2" />
		<Option compiler="gcc" />
		<Build>
			<Target title="Debug">
				<Option output="bin/Debug/Sistema de Hospedagem" prefix_auto="1" extension_auto="1" />
				<Option object_output="obj/Debug/" />
				<Option type="1" />
				<Option compiler="gcc" />
				<Compiler>
					<Add option="-g" />
				</Compiler>
			</Target>
			<Target title="Release">
				<Option output="bin/Release/Sistema de Hospedagem" prefix_auto="1" extension_auto="1" />
				<Option object_output="obj/Release/" />
				<Option type="1" />
				<Option compiler="gcc" />
				<Compiler>
					<Add option="-O2" />
				</Compiler>
				<Linker>
					<Add option="-s" />
				</Linker>
			</Target>
		</Build>
		<Compiler>
			<Add option="-Wall" />
		</Compiler>
		<Unit filename="containers.cpp" />
		<Unit filename="containers.hpp" />
		<Unit filename="controladoras.cpp" />
		<Unit filename="controladoras.hpp" />
		<Unit filename="dominios.cpp" />
		<Unit filename="dominios.hpp" />
		<Unit filename="entidades.cpp" />
		<Unit filename="entidades.hpp" />
		<Unit filename="interfaces.hpp" />
		<Unit filename="main.cpp" />
		<Unit filename="testes_dominios.cpp" />
		<Unit filename="testes_dominios.hpp" />
		<Unit filename="testes_entidades.cpp" />
		<Unit filename="testes_entidades.hpp" />
		<Extensions>
			<code_completion />
			<debugger />
			<envvars />
		</Extensions>
	</Project>
</CodeBlocks_project_file>
